
Microsoft Visual Studio Solution File, Format Version 12.00
# Visual Studio 15
VisualStudioVersion = 15.0.26430.4
MinimumVisualStudioVersion = 10.0.40219.1
Project("{FAE04EC0-301F-11D3-BF4B-00C04F79EFBC}") = "Flos_Blog", "Flos_Blog\Flos_Blog.csproj", "{AF7DBC7C-336F-4C8C-84F2-3D53DDC4D3B4}"
EndProject
Project("{FAE04EC0-301F-11D3-BF4B-00C04F79EFBC}") = "DnD_Deutschland", "DnD_Deutschland\DnD_Deutschland.csproj", "{18D55677-4F8A-4184-806C-2CE688932404}"
EndProject
Global
	GlobalSection(SolutionConfigurationPlatforms) = preSolution
		Debug|Any CPU = Debug|Any CPU
		Release|Any CPU = Release|Any CPU
	EndGlobalSection
	GlobalSection(ProjectConfigurationPlatforms) = postSolution
		{AF7DBC7C-336F-4C8C-84F2-3D53DDC4D3B4}.Debug|Any CPU.ActiveCfg = Debug|Any CPU
		{AF7DBC7C-336F-4C8C-84F2-3D53DDC4D3B4}.Debug|Any CPU.Build.0 = Debug|Any CPU
		{AF7DBC7C-336F-4C8C-84F2-3D53DDC4D3B4}.Release|Any CPU.ActiveCfg = Release|Any CPU
		{AF7DBC7C-336F-4C8C-84F2-3D53DDC4D3B4}.Release|Any CPU.Build.0 = Release|Any CPU
		{18D55677-4F8A-4184-806C-2CE688932404}.Debug|Any CPU.ActiveCfg = Debug|Any CPU
		{18D55677-4F8A-4184-806C-2CE688932404}.Debug|Any CPU.Build.0 = Debug|Any CPU
		{18D55677-4F8A-4184-806C-2CE688932404}.Release|Any CPU.ActiveCfg = Release|Any CPU
		{18D55677-4F8A-4184-806C-2CE688932404}.Release|Any CPU.Build.0 = Release|Any CPU
	EndGlobalSection
	GlobalSection(SolutionProperties) = preSolution
		HideSolutionNode = FALSE
	EndGlobalSection
EndGlobal
